
Microsoft Visual Studio Solution File, Format Version 12.00
# Visual Studio Version 16
VisualStudioVersion = 16.0.31624.102
MinimumVisualStudioVersion = 10.0.40219.1
Project("{FAE04EC0-301F-11D3-BF4B-00C04F79EFBC}") = "PRG2X1 Milestone", "PRG2X1 Milestone.csproj", "{159DAB5E-F290-4224-9A19-F6076CA441D3}"
EndProject
Global
	GlobalSection(SolutionConfigurationPlatforms) = preSolution
		Debug|Any CPU = Debug|Any CPU
		Release|Any CPU = Release|Any CPU
	EndGlobalSection
	GlobalSection(ProjectConfigurationPlatforms) = postSolution
		{159DAB5E-F290-4224-9A19-F6076CA441D3}.Debug|Any CPU.ActiveCfg = Debug|Any CPU
		{159DAB5E-F290-4224-9A19-F6076CA441D3}.Debug|Any CPU.Build.0 = Debug|Any CPU
		{159DAB5E-F290-4224-9A19-F6076CA441D3}.Release|Any CPU.ActiveCfg = Release|Any CPU
		{159DAB5E-F290-4224-9A19-F6076CA441D3}.Release|Any CPU.Build.0 = Release|Any CPU
	EndGlobalSection
	GlobalSection(SolutionProperties) = preSolution
		HideSolutionNode = FALSE
	EndGlobalSection
	GlobalSection(ExtensibilityGlobals) = postSolution
		SolutionGuid = {C823EE27-9586-4712-8A10-4ECC63D87717}
	EndGlobalSection
EndGlobal
